
Microsoft Visual Studio Solution File, Format Version 12.00
# Visual Studio Version 16
VisualStudioVersion = 16.0.30128.74
MinimumVisualStudioVersion = 10.0.40219.1
Project("{FAE04EC0-301F-11D3-BF4B-00C04F79EFBC}") = "DistanciaEntreDoisPontos", "DistanciaEntreDoisPontos\DistanciaEntreDoisPontos.csproj", "{03BE7840-A2EA-47B3-856A-2254A79615C8}"
EndProject
Global
	GlobalSection(SolutionConfigurationPlatforms) = preSolution
		Debug|Any CPU = Debug|Any CPU
		Release|Any CPU = Release|Any CPU
	EndGlobalSection
	GlobalSection(ProjectConfigurationPlatforms) = postSolution
		{03BE7840-A2EA-47B3-856A-2254A79615C8}.Debug|Any CPU.ActiveCfg = Debug|Any CPU
		{03BE7840-A2EA-47B3-856A-2254A79615C8}.Debug|Any CPU.Build.0 = Debug|Any CPU
		{03BE7840-A2EA-47B3-856A-2254A79615C8}.Release|Any CPU.ActiveCfg = Release|Any CPU
		{03BE7840-A2EA-47B3-856A-2254A79615C8}.Release|Any CPU.Build.0 = Release|Any CPU
	EndGlobalSection
	GlobalSection(SolutionProperties) = preSolution
		HideSolutionNode = FALSE
	EndGlobalSection
	GlobalSection(ExtensibilityGlobals) = postSolution
		SolutionGuid = {C8D0FECA-189F-4F58-83BD-0919A97883DB}
	EndGlobalSection
EndGlobal
