
Microsoft Visual Studio Solution File, Format Version 12.00
# Visual Studio Version 16
VisualStudioVersion = 16.0.30128.74
MinimumVisualStudioVersion = 10.0.40219.1
Project("{FAE04EC0-301F-11D3-BF4B-00C04F79EFBC}") = "area", "area\area.csproj", "{B08CDB24-FD41-4E77-9766-29CF613F5622}"
EndProject
Global
	GlobalSection(SolutionConfigurationPlatforms) = preSolution
		Debug|Any CPU = Debug|Any CPU
		Release|Any CPU = Release|Any CPU
	EndGlobalSection
	GlobalSection(ProjectConfigurationPlatforms) = postSolution
		{B08CDB24-FD41-4E77-9766-29CF613F5622}.Debug|Any CPU.ActiveCfg = Debug|Any CPU
		{B08CDB24-FD41-4E77-9766-29CF613F5622}.Debug|Any CPU.Build.0 = Debug|Any CPU
		{B08CDB24-FD41-4E77-9766-29CF613F5622}.Release|Any CPU.ActiveCfg = Release|Any CPU
		{B08CDB24-FD41-4E77-9766-29CF613F5622}.Release|Any CPU.Build.0 = Release|Any CPU
	EndGlobalSection
	GlobalSection(SolutionProperties) = preSolution
		HideSolutionNode = FALSE
	EndGlobalSection
	GlobalSection(ExtensibilityGlobals) = postSolution
		SolutionGuid = {DD6FC2E4-C126-42C3-A26A-AF681E43B9FA}
	EndGlobalSection
EndGlobal
